// !$*UTF8*$!
{
	archiveVersion = 1;
	classes = {
	};
	objectVersion = 50;
	objects = {

/* Begin PBXBuildFile section */
		9C61DF8C207B5DF000413BDD /* AppDelegate.swift in Sources */ = {isa = PBXBuildFile; fileRef = 9C61DF8B207B5DF000413BDD /* AppDelegate.swift */; };
		9C61DF8E207B5DF100413BDD /* ViewController.swift in Sources */ = {isa = PBXBuildFile; fileRef = 9C61DF8D207B5DF100413BDD /* ViewController.swift */; };
		9C61DF91207B5DF100413BDD /* Main.storyboard in Resources */ = {isa = PBXBuildFile; fileRef = 9C61DF8F207B5DF100413BDD /* Main.storyboard */; };
		9C61DF93207B5DF300413BDD /* Assets.xcassets in Resources */ = {isa = PBXBuildFile; fileRef = 9C61DF92207B5DF300413BDD /* Assets.xcassets */; };
		9C61DF96207B5DF300413BDD /* LaunchScreen.storyboard in Resources */ = {isa = PBXBuildFile; fileRef = 9C61DF94207B5DF300413BDD /* LaunchScreen.storyboard */; };
		9C61DFA1207B5DF300413BDD /* GachTechTests.swift in Sources */ = {isa = PBXBuildFile; fileRef = 9C61DFA0207B5DF300413BDD /* GachTechTests.swift */; };
		9C61DFAC207B5DF300413BDD /* GachTechUITests.swift in Sources */ = {isa = PBXBuildFile; fileRef = 9C61DFAB207B5DF300413BDD /* GachTechUITests.swift */; };
/* End PBXBuildFile section */

/* Begin PBXContainerItemProxy section */
		9C61DF9D207B5DF300413BDD /* PBXContainerItemProxy */ = {
			isa = PBXContainerItemProxy;
			containerPortal = 9C61DF80207B5DF000413BDD /* Project object */;
			proxyType = 1;
			remoteGlobalIDString = 9C61DF87207B5DF000413BDD;
			remoteInfo = GachTech;
		};
		9C61DFA8207B5DF300413BDD /* PBXContainerItemProxy */ = {
			isa = PBXContainerItemProxy;
			containerPortal = 9C61DF80207B5DF000413BDD /* Project object */;
			proxyType = 1;
			remoteGlobalIDString = 9C61DF87207B5DF000413BDD;
			remoteInfo = GachTech;
		};
/* End PBXContainerItemProxy section */

/* Begin PBXFileReference section */
		9C61DF88207B5DF000413BDD /* GachTech.app */ = {isa = PBXFileReference; explicitFileType = wrapper.application; includeInIndex = 0; path = GachTech.app; sourceTree = BUILT_PRODUCTS_DIR; };
		9C61DF8B207B5DF000413BDD /* AppDelegate.swift */ = {isa = PBXFileReference; lastKnownFileType = sourcecode.swift; path = AppDelegate.swift; sourceTree = "<group>"; };
		9C61DF8D207B5DF100413BDD /* ViewController.swift */ = {isa = PBXFileReference; lastKnownFileType = sourcecode.swift; path = ViewController.swift; sourceTree = "<group>"; };
		9C61DF90207B5DF100413BDD /* Base */ = {isa = PBXFileReference; lastKnownFileType = file.storyboard; name = Base; path = Base.lproj/Main.storyboard; sourceTree = "<group>"; };
		9C61DF92207B5DF300413BDD /* Assets.xcassets */ = {isa = PBXFileReference; lastKnownFileType = folder.assetcatalog; path = Assets.xcassets; sourceTree = "<group>"; };
		9C61DF95207B5DF300413BDD /* Base */ = {isa = PBXFileReference; lastKnownFileType = file.storyboard; name = Base; path = Base.lproj/LaunchScreen.storyboard; sourceTree = "<group>"; };
		9C61DF97207B5DF300413BDD /* Info.plist */ = {isa = PBXFileReference; lastKnownFileType = text.plist.xml; path = Info.plist; sourceTree = "<group>"; };
		9C61DF9C207B5DF300413BDD /* GachTechTests.xctest */ = {isa = PBXFileReference; explicitFileType = wrapper.cfbundle; includeInIndex = 0; path = GachTechTests.xctest; sourceTree = BUILT_PRODUCTS_DIR; };
		9C61DFA0207B5DF300413BDD /* GachTechTests.swift */ = {isa = PBXFileReference; lastKnownFileType = sourcecode.swift; path = GachTechTests.swift; sourceTree = "<group>"; };
		9C61DFA2207B5DF300413BDD /* Info.plist */ = {isa = PBXFileReference; lastKnownFileType = text.plist.xml; path = Info.plist; sourceTree = "<group>"; };
		9C61DFA7207B5DF300413BDD /* GachTechUITests.xctest */ = {isa = PBXFileReference; explicitFileType = wrapper.cfbundle; includeInIndex = 0; path = GachTechUITests.xctest; sourceTree = BUILT_PRODUCTS_DIR; };
		9C61DFAB207B5DF300413BDD /* GachTechUITests.swift */ = {isa = PBXFileReference; lastKnownFileType = sourcecode.swift; path = GachTechUITests.swift; sourceTree = "<group>"; };
		9C61DFAD207B5DF300413BDD /* Info.plist */ = {isa = PBXFileReference; lastKnownFileType = text.plist.xml; path = Info.plist; sourceTree = "<group>"; };
/* End PBXFileReference section */

/* Begin PBXFrameworksBuildPhase section */
		9C61DF85207B5DF000413BDD /* Frameworks */ = {
			isa = PBXFrameworksBuildPhase;
			buildActionMask = 2147483647;
			files = (
			);
			runOnlyForDeploymentPostprocessing = 0;
		};
		9C61DF99207B5DF300413BDD /* Frameworks */ = {
			isa = PBXFrameworksBuildPhase;
			buildActionMask = 2147483647;
			files = (
			);
			runOnlyForDeploymentPostprocessing = 0;
		};
		9C61DFA4207B5DF300413BDD /* Frameworks */ = {
			isa = PBXFrameworksBuildPhase;
			buildActionMask = 2147483647;
			files = (
			);
			runOnlyForDeploymentPostprocessing = 0;
		};
/* End PBXFrameworksBuildPhase section */

/* Begin PBXGroup section */
		9C61DF7F207B5DF000413BDD = {
			isa = PBXGroup;
			children = (
				9C61DF8A207B5DF000413BDD /* GachTech */,
				9C61DF9F207B5DF300413BDD /* GachTechTests */,
				9C61DFAA207B5DF300413BDD /* GachTechUITests */,
				9C61DF89207B5DF000413BDD /* Products */,
			);
			sourceTree = "<group>";
		};
		9C61DF89207B5DF000413BDD /* Products */ = {
			isa = PBXGroup;
			children = (
				9C61DF88207B5DF000413BDD /* GachTech.app */,
				9C61DF9C207B5DF300413BDD /* GachTechTests.xctest */,
				9C61DFA7207B5DF300413BDD /* GachTechUITests.xctest */,
			);
			name = Products;
			sourceTree = "<group>";
		};
		9C61DF8A207B5DF000413BDD /* GachTech */ = {
			isa = PBXGroup;
			children = (
				9C61DF8B207B5DF000413BDD /* AppDelegate.swift */,
				9C61DF8D207B5DF100413BDD /* ViewController.swift */,
				9C61DF8F207B5DF100413BDD /* Main.storyboard */,
				9C61DF92207B5DF300413BDD /* Assets.xcassets */,
				9C61DF94207B5DF300413BDD /* LaunchScreen.storyboard */,
				9C61DF97207B5DF300413BDD /* Info.plist */,
			);
			path = GachTech;
			sourceTree = "<group>";
		};
		9C61DF9F207B5DF300413BDD /* GachTechTests */ = {
			isa = PBXGroup;
			children = (
				9C61DFA0207B5DF300413BDD /* GachTechTests.swift */,
				9C61DFA2207B5DF300413BDD /* Info.plist */,
			);
			path = GachTechTests;
			sourceTree = "<group>";
		};
		9C61DFAA207B5DF300413BDD /* GachTechUITests */ = {
			isa = PBXGroup;
			children = (
				9C61DFAB207B5DF300413BDD /* GachTechUITests.swift */,
				9C61DFAD207B5DF300413BDD /* Info.plist */,
			);
			path = GachTechUITests;
			sourceTree = "<group>";
		};
/* End PBXGroup section */

/* Begin PBXNativeTarget section */
		9C61DF87207B5DF000413BDD /* GachTech */ = {
			isa = PBXNativeTarget;
			buildConfigurationList = 9C61DFB0207B5DF300413BDD /* Build configuration list for PBXNativeTarget "GachTech" */;
			buildPhases = (
				9C61DF84207B5DF000413BDD /* Sources */,
				9C61DF85207B5DF000413BDD /* Frameworks */,
				9C61DF86207B5DF000413BDD /* Resources */,
			);
			buildRules = (
			);
			dependencies = (
			);
			name = GachTech;
			productName = GachTech;
			productReference = 9C61DF88207B5DF000413BDD /* GachTech.app */;
			productType = "com.apple.product-type.application";
		};
		9C61DF9B207B5DF300413BDD /* GachTechTests */ = {
			isa = PBXNativeTarget;
			buildConfigurationList = 9C61DFB3207B5DF300413BDD /* Build configuration list for PBXNativeTarget "GachTechTests" */;
			buildPhases = (
				9C61DF98207B5DF300413BDD /* Sources */,
				9C61DF99207B5DF300413BDD /* Frameworks */,
				9C61DF9A207B5DF300413BDD /* Resources */,
			);
			buildRules = (
			);
			dependencies = (
				9C61DF9E207B5DF300413BDD /* PBXTargetDependency */,
			);
			name = GachTechTests;
			productName = GachTechTests;
			productReference = 9C61DF9C207B5DF300413BDD /* GachTechTests.xctest */;
			productType = "com.apple.product-type.bundle.unit-test";
		};
		9C61DFA6207B5DF300413BDD /* GachTechUITests */ = {
			isa = PBXNativeTarget;
			buildConfigurationList = 9C61DFB6207B5DF300413BDD /* Build configuration list for PBXNativeTarget "GachTechUITests" */;
			buildPhases = (
				9C61DFA3207B5DF300413BDD /* Sources */,
				9C61DFA4207B5DF300413BDD /* Frameworks */,
				9C61DFA5207B5DF300413BDD /* Resources */,
			);
			buildRules = (
			);
			dependencies = (
				9C61DFA9207B5DF300413BDD /* PBXTargetDependency */,
			);
			name = GachTechUITests;
			productName = GachTechUITests;
			productReference = 9C61DFA7207B5DF300413BDD /* GachTechUITests.xctest */;
			productType = "com.apple.product-type.bundle.ui-testing";
		};
/* End PBXNativeTarget section */

/* Begin PBXProject section */
		9C61DF80207B5DF000413BDD /* Project object */ = {
			isa = PBXProject;
			attributes = {
				LastSwiftUpdateCheck = 0930;
				LastUpgradeCheck = 0930;
				ORGANIZATIONNAME = "Marina Goto";
				TargetAttributes = {
					9C61DF87207B5DF000413BDD = {
						CreatedOnToolsVersion = 9.3;
					};
					9C61DF9B207B5DF300413BDD = {
						CreatedOnToolsVersion = 9.3;
						TestTargetID = 9C61DF87207B5DF000413BDD;
					};
					9C61DFA6207B5DF300413BDD = {
						CreatedOnToolsVersion = 9.3;
						TestTargetID = 9C61DF87207B5DF000413BDD;
					};
				};
			};
			buildConfigurationList = 9C61DF83207B5DF000413BDD /* Build configuration list for PBXProject "GachTech" */;
			compatibilityVersion = "Xcode 9.3";
			developmentRegion = en;
			hasScannedForEncodings = 0;
			knownRegions = (
				en,
				Base,
			);
			mainGroup = 9C61DF7F207B5DF000413BDD;
			productRefGroup = 9C61DF89207B5DF000413BDD /* Products */;
			projectDirPath = "";
			projectRoot = "";
			targets = (
				9C61DF87207B5DF000413BDD /* GachTech */,
				9C61DF9B207B5DF300413BDD /* GachTechTests */,
				9C61DFA6207B5DF300413BDD /* GachTechUITests */,
			);
		};
/* End PBXProject section */

/* Begin PBXResourcesBuildPhase section */
		9C61DF86207B5DF000413BDD /* Resources */ = {
			isa = PBXResourcesBuildPhase;
			buildActionMask = 2147483647;
			files = (
				9C61DF96207B5DF300413BDD /* LaunchScreen.storyboard in Resources */,
				9C61DF93207B5DF300413BDD /* Assets.xcassets in Resources */,
				9C61DF91207B5DF100413BDD /* Main.storyboard in Resources */,
			);
			runOnlyForDeploymentPostprocessing = 0;
		};
		9C61DF9A207B5DF300413BDD /* Resources */ = {
			isa = PBXResourcesBuildPhase;
			buildActionMask = 2147483647;
			files = (
			);
			runOnlyForDeploymentPostprocessing = 0;
		};
		9C61DFA5207B5DF300413BDD /* Resources */ = {
			isa = PBXResourcesBuildPhase;
			buildActionMask = 2147483647;
			files = (
			);
			runOnlyForDeploymentPostprocessing = 0;
		};
/* End PBXResourcesBuildPhase section */

/* Begin PBXSourcesBuildPhase section */
		9C61DF84207B5DF000413BDD /* Sources */ = {
			isa = PBXSourcesBuildPhase;
			buildActionMask = 2147483647;
			files = (
				9C61DF8E207B5DF100413BDD /* ViewController.swift in Sources */,
				9C61DF8C207B5DF000413BDD /* AppDelegate.swift in Sources */,
			);
			runOnlyForDeploymentPostprocessing = 0;
		};
		9C61DF98207B5DF300413BDD /* Sources */ = {
			isa = PBXSourcesBuildPhase;
			buildActionMask = 2147483647;
			files = (
				9C61DFA1207B5DF300413BDD /* GachTechTests.swift in Sources */,
			);
			runOnlyForDeploymentPostprocessing = 0;
		};
		9C61DFA3207B5DF300413BDD /* Sources */ = {
			isa = PBXSourcesBuildPhase;
			buildActionMask = 2147483647;
			files = (
				9C61DFAC207B5DF300413BDD /* GachTechUITests.swift in Sources */,
			);
			runOnlyForDeploymentPostprocessing = 0;
		};
/* End PBXSourcesBuildPhase section */

/* Begin PBXTargetDependency section */
		9C61DF9E207B5DF300413BDD /* PBXTargetDependency */ = {
			isa = PBXTargetDependency;
			target = 9C61DF87207B5DF000413BDD /* GachTech */;
			targetProxy = 9C61DF9D207B5DF300413BDD /* PBXContainerItemProxy */;
		};
		9C61DFA9207B5DF300413BDD /* PBXTargetDependency */ = {
			isa = PBXTargetDependency;
			target = 9C61DF87207B5DF000413BDD /* GachTech */;
			targetProxy = 9C61DFA8207B5DF300413BDD /* PBXContainerItemProxy */;
		};
/* End PBXTargetDependency section */

/* Begin PBXVariantGroup section */
		9C61DF8F207B5DF100413BDD /* Main.storyboard */ = {
			isa = PBXVariantGroup;
			children = (
				9C61DF90207B5DF100413BDD /* Base */,
			);
			name = Main.storyboard;
			sourceTree = "<group>";
		};
		9C61DF94207B5DF300413BDD /* LaunchScreen.storyboard */ = {
			isa = PBXVariantGroup;
			children = (
				9C61DF95207B5DF300413BDD /* Base */,
			);
			name = LaunchScreen.storyboard;
			sourceTree = "<group>";
		};
/* End PBXVariantGroup section */

/* Begin XCBuildConfiguration section */
		9C61DFAE207B5DF300413BDD /* Debug */ = {
			isa = XCBuildConfiguration;
			buildSettings = {
				ALWAYS_SEARCH_USER_PATHS = NO;
				CLANG_ANALYZER_NONNULL = YES;
				CLANG_ANALYZER_NUMBER_OBJECT_CONVERSION = YES_AGGRESSIVE;
				CLANG_CXX_LANGUAGE_STANDARD = "gnu++14";
				CLANG_CXX_LIBRARY = "libc++";
				CLANG_ENABLE_MODULES = YES;
				CLANG_ENABLE_OBJC_ARC = YES;
				CLANG_ENABLE_OBJC_WEAK = YES;
				CLANG_WARN_BLOCK_CAPTURE_AUTORELEASING = YES;
				CLANG_WARN_BOOL_CONVERSION = YES;
				CLANG_WARN_COMMA = YES;
				CLANG_WARN_CONSTANT_CONVERSION = YES;
				CLANG_WARN_DEPRECATED_OBJC_IMPLEMENTATIONS = YES;
				CLANG_WARN_DIRECT_OBJC_ISA_USAGE = YES_ERROR;
				CLANG_WARN_DOCUMENTATION_COMMENTS = YES;
				CLANG_WARN_EMPTY_BODY = YES;
				CLANG_WARN_ENUM_CONVERSION = YES;
				CLANG_WARN_INFINITE_RECURSION = YES;
				CLANG_WARN_INT_CONVERSION = YES;
				CLANG_WARN_NON_LITERAL_NULL_CONVERSION = YES;
				CLANG_WARN_OBJC_IMPLICIT_RETAIN_SELF = YES;
				CLANG_WARN_OBJC_LITERAL_CONVERSION = YES;
				CLANG_WARN_OBJC_ROOT_CLASS = YES_ERROR;
				CLANG_WARN_RANGE_LOOP_ANALYSIS = YES;
				CLANG_WARN_STRICT_PROTOTYPES = YES;
				CLANG_WARN_SUSPICIOUS_MOVE = YES;
				CLANG_WARN_UNGUARDED_AVAILABILITY = YES_AGGRESSIVE;
				CLANG_WARN_UNREACHABLE_CODE = YES;
				CLANG_WARN__DUPLICATE_METHOD_MATCH = YES;
				CODE_SIGN_IDENTITY = "iPhone Developer";
				COPY_PHASE_STRIP = NO;
				DEBUG_INFORMATION_FORMAT = dwarf;
				ENABLE_STRICT_OBJC_MSGSEND = YES;
				ENABLE_TESTABILITY = YES;
				GCC_C_LANGUAGE_STANDARD = gnu11;
				GCC_DYNAMIC_NO_PIC = NO;
				GCC_NO_COMMON_BLOCKS = YES;
				GCC_OPTIMIZATION_LEVEL = 0;
				GCC_PREPROCESSOR_DEFINITIONS = (
					"DEBUG=1",
					"$(inherited)",
				);
				GCC_WARN_64_TO_32_BIT_CONVERSION = YES;
				GCC_WARN_ABOUT_RETURN_TYPE = YES_ERROR;
				GCC_WARN_UNDECLARED_SELECTOR = YES;
				GCC_WARN_UNINITIALIZED_AUTOS = YES_AGGRESSIVE;
				GCC_WARN_UNUSED_FUNCTION = YES;
				GCC_WARN_UNUSED_VARIABLE = YES;
				IPHONEOS_DEPLOYMENT_TARGET = 11.3;
				MTL_ENABLE_DEBUG_INFO = YES;
				ONLY_ACTIVE_ARCH = YES;
				SDKROOT = iphoneos;
				SWIFT_ACTIVE_COMPILATION_CONDITIONS = DEBUG;
				SWIFT_OPTIMIZATION_LEVEL = "-Onone";
			};
			name = Debug;
		};
		9C61DFAF207B5DF300413BDD /* Release */ = {
			isa = XCBuildConfiguration;
			buildSettings = {
				ALWAYS_SEARCH_USER_PATHS = NO;
				CLANG_ANALYZER_NONNULL = YES;
				CLANG_ANALYZER_NUMBER_OBJECT_CONVERSION = YES_AGGRESSIVE;
				CLANG_CXX_LANGUAGE_STANDARD = "gnu++14";
				CLANG_CXX_LIBRARY = "libc++";
				CLANG_ENABLE_MODULES = YES;
				CLANG_ENABLE_OBJC_ARC = YES;
				CLANG_ENABLE_OBJC_WEAK = YES;
				CLANG_WARN_BLOCK_CAPTURE_AUTORELEASING = YES;
				CLANG_WARN_BOOL_CONVERSION = YES;
				CLANG_WARN_COMMA = YES;
				CLANG_WARN_CONSTANT_CONVERSION = YES;
				CLANG_WARN_DEPRECATED_OBJC_IMPLEMENTATIONS = YES;
				CLANG_WARN_DIRECT_OBJC_ISA_USAGE = YES_ERROR;
				CLANG_WARN_DOCUMENTATION_COMMENTS = YES;
				CLANG_WARN_EMPTY_BODY = YES;
				CLANG_WARN_ENUM_CONVERSION = YES;
				CLANG_WARN_INFINITE_RECURSION = YES;
				CLANG_WARN_INT_CONVERSION = YES;
				CLANG_WARN_NON_LITERAL_NULL_CONVERSION = YES;
				CLANG_WARN_OBJC_IMPLICIT_RETAIN_SELF = YES;
				CLANG_WARN_OBJC_LITERAL_CONVERSION = YES;
				CLANG_WARN_OBJC_ROOT_CLASS = YES_ERROR;
				CLANG_WARN_RANGE_LOOP_ANALYSIS = YES;
				CLANG_WARN_STRICT_PROTOTYPES = YES;
				CLANG_WARN_SUSPICIOUS_MOVE = YES;
				CLANG_WARN_UNGUARDED_AVAILABILITY = YES_AGGRESSIVE;
				CLANG_WARN_UNREACHABLE_CODE = YES;
				CLANG_WARN__DUPLICATE_METHOD_MATCH = YES;
				CODE_SIGN_IDENTITY = "iPhone Developer";
				COPY_PHASE_STRIP = NO;
				DEBUG_INFORMATION_FORMAT = "dwarf-with-dsym";
				ENABLE_NS_ASSERTIONS = NO;
				ENABLE_STRICT_OBJC_MSGSEND = YES;
				GCC_C_LANGUAGE_STANDARD = gnu11;
				GCC_NO_COMMON_BLOCKS = YES;
				GCC_WARN_64_TO_32_BIT_CONVERSION = YES;
				GCC_WARN_ABOUT_RETURN_TYPE = YES_ERROR;
				GCC_WARN_UNDECLARED_SELECTOR = YES;
				GCC_WARN_UNINITIALIZED_AUTOS = YES_AGGRESSIVE;
				GCC_WARN_UNUSED_FUNCTION = YES;
				GCC_WARN_UNUSED_VARIABLE = YES;
				IPHONEOS_DEPLOYMENT_TARGET = 11.3;
				MTL_ENABLE_DEBUG_INFO = NO;
				SDKROOT = iphoneos;
				SWIFT_COMPILATION_MODE = wholemodule;
				SWIFT_OPTIMIZATION_LEVEL = "-O";
				VALIDATE_PRODUCT = YES;
			};
			name = Release;
		};
		9C61DFB1207B5DF300413BDD /* Debug */ = {
			isa = XCBuildConfiguration;
			buildSettings = {
				ASSETCATALOG_COMPILER_APPICON_NAME = AppIcon;
				CODE_SIGN_STYLE = Automatic;
				INFOPLIST_FILE = GachTech/Info.plist;
				LD_RUNPATH_SEARCH_PATHS = (
					"$(inherited)",
					"@executable_path/Frameworks",
				);
				PRODUCT_BUNDLE_IDENTIFIER = marinagoto.GachTech;
				PRODUCT_NAME = "$(TARGET_NAME)";
				SWIFT_VERSION = 4.0;
				TARGETED_DEVICE_FAMILY = "1,2";
			};
			name = Debug;
		};
		9C61DFB2207B5DF300413BDD /* Release */ = {
			isa = XCBuildConfiguration;
			buildSettings = {
				ASSETCATALOG_COMPILER_APPICON_NAME = AppIcon;
				CODE_SIGN_STYLE = Automatic;
				INFOPLIST_FILE = GachTech/Info.plist;
				LD_RUNPATH_SEARCH_PATHS = (
					"$(inherited)",
					"@executable_path/Frameworks",
				);
				PRODUCT_BUNDLE_IDENTIFIER = marinagoto.GachTech;
				PRODUCT_NAME = "$(TARGET_NAME)";
				SWIFT_VERSION = 4.0;
				TARGETED_DEVICE_FAMILY = "1,2";
			};
			name = Release;
		};
		9C61DFB4207B5DF300413BDD /* Debug */ = {
			isa = XCBuildConfiguration;
			buildSettings = {
				ALWAYS_EMBED_SWIFT_STANDARD_LIBRARIES = YES;
				BUNDLE_LOADER = "$(TEST_HOST)";
				CODE_SIGN_STYLE = Automatic;
				INFOPLIST_FILE = GachTechTests/Info.plist;
				LD_RUNPATH_SEARCH_PATHS = (
					"$(inherited)",
					"@executable_path/Frameworks",
					"@loader_path/Frameworks",
				);
				PRODUCT_BUNDLE_IDENTIFIER = marinagoto.GachTechTests;
				PRODUCT_NAME = "$(TARGET_NAME)";
				SWIFT_VERSION = 4.0;
				TARGETED_DEVICE_FAMILY = "1,2";
				TEST_HOST = "$(BUILT_PRODUCTS_DIR)/GachTech.app/GachTech";
			};
			name = Debug;
		};
		9C61DFB5207B5DF300413BDD /* Release */ = {
			isa = XCBuildConfiguration;
			buildSettings = {
				ALWAYS_EMBED_SWIFT_STANDARD_LIBRARIES = YES;
				BUNDLE_LOADER = "$(TEST_HOST)";
				CODE_SIGN_STYLE = Automatic;
				INFOPLIST_FILE = GachTechTests/Info.plist;
				LD_RUNPATH_SEARCH_PATHS = (
					"$(inherited)",
					"@executable_path/Frameworks",
					"@loader_path/Frameworks",
				);
				PRODUCT_BUNDLE_IDENTIFIER = marinagoto.GachTechTests;
				PRODUCT_NAME = "$(TARGET_NAME)";
				SWIFT_VERSION = 4.0;
				TARGETED_DEVICE_FAMILY = "1,2";
				TEST_HOST = "$(BUILT_PRODUCTS_DIR)/GachTech.app/GachTech";
			};
			name = Release;
		};
		9C61DFB7207B5DF300413BDD /* Debug */ = {
			isa = XCBuildConfiguration;
			buildSettings = {
				ALWAYS_EMBED_SWIFT_STANDARD_LIBRARIES = YES;
				CODE_SIGN_STYLE = Automatic;
				INFOPLIST_FILE = GachTechUITests/Info.plist;
				LD_RUNPATH_SEARCH_PATHS = (
					"$(inherited)",
					"@executable_path/Frameworks",
					"@loader_path/Frameworks",
				);
				PRODUCT_BUNDLE_IDENTIFIER = marinagoto.GachTechUITests;
				PRODUCT_NAME = "$(TARGET_NAME)";
				SWIFT_VERSION = 4.0;
				TARGETED_DEVICE_FAMILY = "1,2";
				TEST_TARGET_NAME = GachTech;
			};
			name = Debug;
		};
		9C61DFB8207B5DF300413BDD /* Release */ = {
			isa = XCBuildConfiguration;
			buildSettings = {
				ALWAYS_EMBED_SWIFT_STANDARD_LIBRARIES = YES;
				CODE_SIGN_STYLE = Automatic;
				INFOPLIST_FILE = GachTechUITests/Info.plist;
				LD_RUNPATH_SEARCH_PATHS = (
					"$(inherited)",
					"@executable_path/Frameworks",
					"@loader_path/Frameworks",
				);
				PRODUCT_BUNDLE_IDENTIFIER = marinagoto.GachTechUITests;
				PRODUCT_NAME = "$(TARGET_NAME)";
				SWIFT_VERSION = 4.0;
				TARGETED_DEVICE_FAMILY = "1,2";
				TEST_TARGET_NAME = GachTech;
			};
			name = Release;
		};
/* End XCBuildConfiguration section */

/* Begin XCConfigurationList section */
		9C61DF83207B5DF000413BDD /* Build configuration list for PBXProject "GachTech" */ = {
			isa = XCConfigurationList;
			buildConfigurations = (
				9C61DFAE207B5DF300413BDD /* Debug */,
				9C61DFAF207B5DF300413BDD /* Release */,
			);
			defaultConfigurationIsVisible = 0;
			defaultConfigurationName = Release;
		};
		9C61DFB0207B5DF300413BDD /* Build configuration list for PBXNativeTarget "GachTech" */ = {
			isa = XCConfigurationList;
			buildConfigurations = (
				9C61DFB1207B5DF300413BDD /* Debug */,
				9C61DFB2207B5DF300413BDD /* Release */,
			);
			defaultConfigurationIsVisible = 0;
			defaultConfigurationName = Release;
		};
		9C61DFB3207B5DF300413BDD /* Build configuration list for PBXNativeTarget "GachTechTests" */ = {
			isa = XCConfigurationList;
			buildConfigurations = (
				9C61DFB4207B5DF300413BDD /* Debug */,
				9C61DFB5207B5DF300413BDD /* Release */,
			);
			defaultConfigurationIsVisible = 0;
			defaultConfigurationName = Release;
		};
		9C61DFB6207B5DF300413BDD /* Build configuration list for PBXNativeTarget "GachTechUITests" */ = {
			isa = XCConfigurationList;
			buildConfigurations = (
				9C61DFB7207B5DF300413BDD /* Debug */,
				9C61DFB8207B5DF300413BDD /* Release */,
			);
			defaultConfigurationIsVisible = 0;
			defaultConfigurationName = Release;
		};
/* End XCConfigurationList section */
	};
	rootObject = 9C61DF80207B5DF000413BDD /* Project object */;
}
